
Microsoft Visual Studio Solution File, Format Version 12.00
# Visual Studio 15
Project("{FAE04EC0-301F-11D3-BF4B-00C04F79EFBC}") = "Oculus.Interaction.Editor", "Oculus.Interaction.Editor.csproj", "{D8B346F5-762F-E33E-2D1D-C94F5B59C821}"
EndProject
Project("{FAE04EC0-301F-11D3-BF4B-00C04F79EFBC}") = "Meta.WitAi.Conduit", "Meta.WitAi.Conduit.csproj", "{6B9BD9FE-88F5-6F0F-DF91-F74D9189C08B}"
EndProject
Project("{FAE04EC0-301F-11D3-BF4B-00C04F79EFBC}") = "Oculus.VR", "Oculus.VR.csproj", "{8E6420A1-D23F-257E-7D56-345CE75A9B0F}"
EndProject
Project("{FAE04EC0-301F-11D3-BF4B-00C04F79EFBC}") = "Oculus.Interaction", "Oculus.Interaction.csproj", "{5CBE2618-DAFA-B855-3175-65C3F3122E42}"
EndProject
Project("{FAE04EC0-301F-11D3-BF4B-00C04F79EFBC}") = "Meta.Voice.Samples.ShapesConduit", "Meta.Voice.Samples.ShapesConduit.csproj", "{8A2092D0-5A5C-A2D0-5FFF-AD6B515B2DB7}"
EndProject
Project("{FAE04EC0-301F-11D3-BF4B-00C04F79EFBC}") = "Meta.WitAi.Editor", "Meta.WitAi.Editor.csproj", "{87676396-B916-9F6B-4FF2-B26A664F7CE4}"
EndProject
Project("{FAE04EC0-301F-11D3-BF4B-00C04F79EFBC}") = "Oculus.Platform", "Oculus.Platform.csproj", "{C51F4B79-C6CB-7B84-7E3D-811233F674F6}"
EndProject
Project("{FAE04EC0-301F-11D3-BF4B-00C04F79EFBC}") = "VoiceSDK.Telemetry", "VoiceSDK.Telemetry.csproj", "{592DA59D-EBDD-9410-1D60-0E504C828F14}"
EndProject
Project("{FAE04EC0-301F-11D3-BF4B-00C04F79EFBC}") = "Meta.WitAi.Conduit.Editor", "Meta.WitAi.Conduit.Editor.csproj", "{98F377B3-E819-35A1-B22D-44E78460CF6D}"
EndProject
Project("{FAE04EC0-301F-11D3-BF4B-00C04F79EFBC}") = "Meta.WitAi", "Meta.WitAi.csproj", "{DC28DFB8-1310-CEB6-FD6B-0939F4B20510}"
EndProject
Project("{FAE04EC0-301F-11D3-BF4B-00C04F79EFBC}") = "Oculus.Interaction.OVR.Samples", "Oculus.Interaction.OVR.Samples.csproj", "{1F890979-8A1F-66AE-C4F3-7656D128DB9C}"
EndProject
Project("{FAE04EC0-301F-11D3-BF4B-00C04F79EFBC}") = "Assembly-CSharp", "Assembly-CSharp.csproj", "{0A831DE7-8884-AF98-EA39-1FAA78FDB0AC}"
EndProject
Project("{FAE04EC0-301F-11D3-BF4B-00C04F79EFBC}") = "Meta.WitAi.Lib", "Meta.WitAi.Lib.csproj", "{03451DF5-D7C7-39F2-4EC9-786478735BA1}"
EndProject
Project("{FAE04EC0-301F-11D3-BF4B-00C04F79EFBC}") = "Oculus.VR.Editor", "Oculus.VR.Editor.csproj", "{45E8DB33-2FE2-C90E-9AF6-4CA5DB32076A}"
EndProject
Project("{FAE04EC0-301F-11D3-BF4B-00C04F79EFBC}") = "Meta.Voice.Hub.Runtime", "Meta.Voice.Hub.Runtime.csproj", "{FE56530C-0888-61B6-0C18-AC934EF405AA}"
EndProject
Project("{FAE04EC0-301F-11D3-BF4B-00C04F79EFBC}") = "Oculus.Interaction.OVR.Editor", "Oculus.Interaction.OVR.Editor.csproj", "{11A1546E-6498-D5E4-DCDC-2A785459F866}"
EndProject
Project("{FAE04EC0-301F-11D3-BF4B-00C04F79EFBC}") = "VoiceSDK.Dictation.Runtime", "VoiceSDK.Dictation.Runtime.csproj", "{1312CAA9-122E-DCBA-6701-0B43F8D97397}"
EndProject
Project("{FAE04EC0-301F-11D3-BF4B-00C04F79EFBC}") = "Oculus.LipSync", "Oculus.LipSync.csproj", "{1D64E187-F7EA-7D71-029C-B7E46674048E}"
EndProject
Project("{FAE04EC0-301F-11D3-BF4B-00C04F79EFBC}") = "Oculus.Interaction.OVR", "Oculus.Interaction.OVR.csproj", "{0432EE66-93A1-19B9-C8BE-96AE3AA10376}"
EndProject
Project("{FAE04EC0-301F-11D3-BF4B-00C04F79EFBC}") = "Meta.WitAi.TTS.Samples", "Meta.WitAi.TTS.Samples.csproj", "{EA5AE988-46AD-EB89-17EF-40B5CF46EDE5}"
EndProject
Project("{FAE04EC0-301F-11D3-BF4B-00C04F79EFBC}") = "Meta.Voice.Hub.Editor", "Meta.Voice.Hub.Editor.csproj", "{6E97C45A-11DB-3744-0F64-637EE34CABEB}"
EndProject
Project("{FAE04EC0-301F-11D3-BF4B-00C04F79EFBC}") = "VoiceSDK.Editor", "VoiceSDK.Editor.csproj", "{B1613220-8D1F-504D-14FD-B055091C689A}"
EndProject
Project("{FAE04EC0-301F-11D3-BF4B-00C04F79EFBC}") = "Meta.WitAI.Lib.Editor", "Meta.WitAI.Lib.Editor.csproj", "{D073C613-3D04-68E7-565A-8100CED858E4}"
EndProject
Project("{FAE04EC0-301F-11D3-BF4B-00C04F79EFBC}") = "Oculus.Spatializer.Editor", "Oculus.Spatializer.Editor.csproj", "{C656FAFD-0E28-B94F-8781-60463E0772E8}"
EndProject
Project("{FAE04EC0-301F-11D3-BF4B-00C04F79EFBC}") = "Meta.WitAi.TTS", "Meta.WitAi.TTS.csproj", "{E2B20045-D7C9-43B4-6BF7-26A3BAEB7282}"
EndProject
Project("{FAE04EC0-301F-11D3-BF4B-00C04F79EFBC}") = "AssistantCoreSDKRuntime", "AssistantCoreSDKRuntime.csproj", "{CD864197-C9D6-D4E3-3790-2111E3B446E1}"
EndProject
Project("{FAE04EC0-301F-11D3-BF4B-00C04F79EFBC}") = "Oculus.AudioManager", "Oculus.AudioManager.csproj", "{323CE254-C42E-7616-044E-78BAC70DB6DF}"
EndProject
Project("{FAE04EC0-301F-11D3-BF4B-00C04F79EFBC}") = "VoiceSDK.Runtime", "VoiceSDK.Runtime.csproj", "{F5418D0B-1C28-B743-4468-5AD4B4903605}"
EndProject
Project("{FAE04EC0-301F-11D3-BF4B-00C04F79EFBC}") = "Facebook.Wit.Dictation", "Facebook.Wit.Dictation.csproj", "{3354EAF8-E000-1255-C0D5-4DD5F791DF5C}"
EndProject
Project("{FAE04EC0-301F-11D3-BF4B-00C04F79EFBC}") = "Meta.WitAi.TTS.Editor", "Meta.WitAi.TTS.Editor.csproj", "{773C3129-0AB4-328A-E43A-A8B57ECDB06E}"
EndProject
Project("{FAE04EC0-301F-11D3-BF4B-00C04F79EFBC}") = "Meta.Voice.Samples.BuiltInTimer", "Meta.Voice.Samples.BuiltInTimer.csproj", "{1691DD45-D4ED-4F1A-3170-A343857D10BD}"
EndProject
Project("{FAE04EC0-301F-11D3-BF4B-00C04F79EFBC}") = "Oculus.Platform.Editor", "Oculus.Platform.Editor.csproj", "{FD60589C-824D-1AA6-7C17-DA21434C25BB}"
EndProject
Project("{FAE04EC0-301F-11D3-BF4B-00C04F79EFBC}") = "Meta.XR.BuildingBlocks.Editor", "Meta.XR.BuildingBlocks.Editor.csproj", "{DFC9A44C-FB89-4E7B-D3A1-9D61D2739D0C}"
EndProject
Project("{FAE04EC0-301F-11D3-BF4B-00C04F79EFBC}") = "Meta.Voice.Samples.TTSVoices", "Meta.Voice.Samples.TTSVoices.csproj", "{768C1B54-63A1-9AD0-D885-37BD21FE6A26}"
EndProject
Project("{FAE04EC0-301F-11D3-BF4B-00C04F79EFBC}") = "Meta.Voice.VSDKHub.Editor", "Meta.Voice.VSDKHub.Editor.csproj", "{F406D4EF-775A-2D07-0D1D-B084C84BD39A}"
EndProject
Project("{FAE04EC0-301F-11D3-BF4B-00C04F79EFBC}") = "Oculus.AudioManager.Audio.Editor", "Oculus.AudioManager.Audio.Editor.csproj", "{928F4FF2-C9F2-270C-2F81-5C42B44B9609}"
EndProject
Project("{FAE04EC0-301F-11D3-BF4B-00C04F79EFBC}") = "Assembly-CSharp-Editor", "Assembly-CSharp-Editor.csproj", "{DD7CCEE4-2E80-2523-1ABC-4263F5D5EDA2}"
EndProject
Project("{FAE04EC0-301F-11D3-BF4B-00C04F79EFBC}") = "Meta.Voice.Samples.Chess", "Meta.Voice.Samples.Chess.csproj", "{EA723CD1-A085-E809-51E0-BC959362CEE2}"
EndProject
Project("{FAE04EC0-301F-11D3-BF4B-00C04F79EFBC}") = "Oculus.VR.Scripts.Editor", "Oculus.VR.Scripts.Editor.csproj", "{CBCD70BC-7E5E-6F6D-E45C-697FF21954FE}"
EndProject
Project("{FAE04EC0-301F-11D3-BF4B-00C04F79EFBC}") = "Meta.Voice.Samples.LightTraits", "Meta.Voice.Samples.LightTraits.csproj", "{29F66BFE-057F-E0E3-8902-061AFED87704}"
EndProject
Project("{FAE04EC0-301F-11D3-BF4B-00C04F79EFBC}") = "Meta.Voice.Samples.Dictation", "Meta.Voice.Samples.Dictation.csproj", "{EAF2AA42-A117-885D-59EE-ECAECE63D8E3}"
EndProject
Project("{FAE04EC0-301F-11D3-BF4B-00C04F79EFBC}") = "Meta.Voice.Samples.Shapes", "Meta.Voice.Samples.Shapes.csproj", "{D4EA9062-14CB-529D-C9DC-73EF823250BC}"
EndProject
Project("{FAE04EC0-301F-11D3-BF4B-00C04F79EFBC}") = "Oculus.Interaction.Samples.Editor", "Oculus.Interaction.Samples.Editor.csproj", "{FEEE9E56-1E63-048D-09FA-119C198A7377}"
EndProject
Project("{FAE04EC0-301F-11D3-BF4B-00C04F79EFBC}") = "Meta.XR.BuildingBlocks", "Meta.XR.BuildingBlocks.csproj", "{B6A6F220-4846-2E44-F61D-F123AFA01C3A}"
EndProject
Project("{FAE04EC0-301F-11D3-BF4B-00C04F79EFBC}") = "Oculus.Spatializer", "Oculus.Spatializer.csproj", "{A6B90FC5-6EC4-5610-49F8-F3171D3EBF4A}"
EndProject
Project("{FAE04EC0-301F-11D3-BF4B-00C04F79EFBC}") = "Oculus.LipSync.Editor", "Oculus.LipSync.Editor.csproj", "{EA86A51D-8559-F272-A6ED-D291CCB79899}"
EndProject
Project("{FAE04EC0-301F-11D3-BF4B-00C04F79EFBC}") = "Oculus.AudioManager.Utils.Editor", "Oculus.AudioManager.Utils.Editor.csproj", "{BD8F93F0-6CCC-59A3-0474-3295762E405B}"
EndProject
Project("{FAE04EC0-301F-11D3-BF4B-00C04F79EFBC}") = "Meta.VoiceSDK.Mic.Common", "Meta.VoiceSDK.Mic.Common.csproj", "{8816BE44-7527-2A31-3152-305A58289681}"
EndProject
Project("{FAE04EC0-301F-11D3-BF4B-00C04F79EFBC}") = "VoiceSDK.Dictation.Editor", "VoiceSDK.Dictation.Editor.csproj", "{388BBA42-3814-A7A7-E9E8-D12C2C14389E}"
EndProject
Project("{FAE04EC0-301F-11D3-BF4B-00C04F79EFBC}") = "Meta.VoiceSDK.Mic.Other", "Meta.VoiceSDK.Mic.Other.csproj", "{DC46D66C-C839-664D-1DC8-101AFB404479}"
EndProject
Project("{FAE04EC0-301F-11D3-BF4B-00C04F79EFBC}") = "AssistantCoreSDKEditor", "AssistantCoreSDKEditor.csproj", "{5CC4EE25-CADE-8723-021E-CFCE8D68B041}"
EndProject
Project("{FAE04EC0-301F-11D3-BF4B-00C04F79EFBC}") = "Oculus.Interaction.InterfaceSupport", "Oculus.Interaction.InterfaceSupport.csproj", "{A9727150-6676-EC65-F36A-348E39D3F210}"
EndProject
Project("{FAE04EC0-301F-11D3-BF4B-00C04F79EFBC}") = "Meta.Voice.Samples.LiveUnderstanding", "Meta.Voice.Samples.LiveUnderstanding.csproj", "{45451836-AD4E-9C0F-C5E8-8E8892D42AE2}"
EndProject
Project("{FAE04EC0-301F-11D3-BF4B-00C04F79EFBC}") = "Facebook.Wit.Dictation.Editor", "Facebook.Wit.Dictation.Editor.csproj", "{545329F0-18BF-3F00-1046-1D09E69A7E78}"
EndProject
Project("{FAE04EC0-301F-11D3-BF4B-00C04F79EFBC}") = "Meta.VoiceSDK.Mic.WebGL", "Meta.VoiceSDK.Mic.WebGL.csproj", "{6DBE75CF-4E2B-E53A-4F94-3D1718F06965}"
EndProject
Global
	GlobalSection(SolutionConfigurationPlatforms) = preSolution
		Debug|Any CPU = Debug|Any CPU
		Release|Any CPU = Release|Any CPU
	EndGlobalSection
	GlobalSection(ProjectConfigurationPlatforms) = postSolution
		{D8B346F5-762F-E33E-2D1D-C94F5B59C821}.Debug|Any CPU.ActiveCfg = Debug|Any CPU
		{D8B346F5-762F-E33E-2D1D-C94F5B59C821}.Debug|Any CPU.Build.0 = Debug|Any CPU
		{D8B346F5-762F-E33E-2D1D-C94F5B59C821}.Release|Any CPU.ActiveCfg = Release|Any CPU
		{D8B346F5-762F-E33E-2D1D-C94F5B59C821}.Release|Any CPU.Build.0 = Release|Any CPU
		{6B9BD9FE-88F5-6F0F-DF91-F74D9189C08B}.Debug|Any CPU.ActiveCfg = Debug|Any CPU
		{6B9BD9FE-88F5-6F0F-DF91-F74D9189C08B}.Debug|Any CPU.Build.0 = Debug|Any CPU
		{6B9BD9FE-88F5-6F0F-DF91-F74D9189C08B}.Release|Any CPU.ActiveCfg = Release|Any CPU
		{6B9BD9FE-88F5-6F0F-DF91-F74D9189C08B}.Release|Any CPU.Build.0 = Release|Any CPU
		{8E6420A1-D23F-257E-7D56-345CE75A9B0F}.Debug|Any CPU.ActiveCfg = Debug|Any CPU
		{8E6420A1-D23F-257E-7D56-345CE75A9B0F}.Debug|Any CPU.Build.0 = Debug|Any CPU
		{8E6420A1-D23F-257E-7D56-345CE75A9B0F}.Release|Any CPU.ActiveCfg = Release|Any CPU
		{8E6420A1-D23F-257E-7D56-345CE75A9B0F}.Release|Any CPU.Build.0 = Release|Any CPU
		{5CBE2618-DAFA-B855-3175-65C3F3122E42}.Debug|Any CPU.ActiveCfg = Debug|Any CPU
		{5CBE2618-DAFA-B855-3175-65C3F3122E42}.Debug|Any CPU.Build.0 = Debug|Any CPU
		{5CBE2618-DAFA-B855-3175-65C3F3122E42}.Release|Any CPU.ActiveCfg = Release|Any CPU
		{5CBE2618-DAFA-B855-3175-65C3F3122E42}.Release|Any CPU.Build.0 = Release|Any CPU
		{8A2092D0-5A5C-A2D0-5FFF-AD6B515B2DB7}.Debug|Any CPU.ActiveCfg = Debug|Any CPU
		{8A2092D0-5A5C-A2D0-5FFF-AD6B515B2DB7}.Debug|Any CPU.Build.0 = Debug|Any CPU
		{8A2092D0-5A5C-A2D0-5FFF-AD6B515B2DB7}.Release|Any CPU.ActiveCfg = Release|Any CPU
		{8A2092D0-5A5C-A2D0-5FFF-AD6B515B2DB7}.Release|Any CPU.Build.0 = Release|Any CPU
		{87676396-B916-9F6B-4FF2-B26A664F7CE4}.Debug|Any CPU.ActiveCfg = Debug|Any CPU
		{87676396-B916-9F6B-4FF2-B26A664F7CE4}.Debug|Any CPU.Build.0 = Debug|Any CPU
		{87676396-B916-9F6B-4FF2-B26A664F7CE4}.Release|Any CPU.ActiveCfg = Release|Any CPU
		{87676396-B916-9F6B-4FF2-B26A664F7CE4}.Release|Any CPU.Build.0 = Release|Any CPU
		{C51F4B79-C6CB-7B84-7E3D-811233F674F6}.Debug|Any CPU.ActiveCfg = Debug|Any CPU
		{C51F4B79-C6CB-7B84-7E3D-811233F674F6}.Debug|Any CPU.Build.0 = Debug|Any CPU
		{C51F4B79-C6CB-7B84-7E3D-811233F674F6}.Release|Any CPU.ActiveCfg = Release|Any CPU
		{C51F4B79-C6CB-7B84-7E3D-811233F674F6}.Release|Any CPU.Build.0 = Release|Any CPU
		{592DA59D-EBDD-9410-1D60-0E504C828F14}.Debug|Any CPU.ActiveCfg = Debug|Any CPU
		{592DA59D-EBDD-9410-1D60-0E504C828F14}.Debug|Any CPU.Build.0 = Debug|Any CPU
		{592DA59D-EBDD-9410-1D60-0E504C828F14}.Release|Any CPU.ActiveCfg = Release|Any CPU
		{592DA59D-EBDD-9410-1D60-0E504C828F14}.Release|Any CPU.Build.0 = Release|Any CPU
		{98F377B3-E819-35A1-B22D-44E78460CF6D}.Debug|Any CPU.ActiveCfg = Debug|Any CPU
		{98F377B3-E819-35A1-B22D-44E78460CF6D}.Debug|Any CPU.Build.0 = Debug|Any CPU
		{98F377B3-E819-35A1-B22D-44E78460CF6D}.Release|Any CPU.ActiveCfg = Release|Any CPU
		{98F377B3-E819-35A1-B22D-44E78460CF6D}.Release|Any CPU.Build.0 = Release|Any CPU
		{DC28DFB8-1310-CEB6-FD6B-0939F4B20510}.Debug|Any CPU.ActiveCfg = Debug|Any CPU
		{DC28DFB8-1310-CEB6-FD6B-0939F4B20510}.Debug|Any CPU.Build.0 = Debug|Any CPU
		{DC28DFB8-1310-CEB6-FD6B-0939F4B20510}.Release|Any CPU.ActiveCfg = Release|Any CPU
		{DC28DFB8-1310-CEB6-FD6B-0939F4B20510}.Release|Any CPU.Build.0 = Release|Any CPU
		{1F890979-8A1F-66AE-C4F3-7656D128DB9C}.Debug|Any CPU.ActiveCfg = Debug|Any CPU
		{1F890979-8A1F-66AE-C4F3-7656D128DB9C}.Debug|Any CPU.Build.0 = Debug|Any CPU
		{1F890979-8A1F-66AE-C4F3-7656D128DB9C}.Release|Any CPU.ActiveCfg = Release|Any CPU
		{1F890979-8A1F-66AE-C4F3-7656D128DB9C}.Release|Any CPU.Build.0 = Release|Any CPU
		{0A831DE7-8884-AF98-EA39-1FAA78FDB0AC}.Debug|Any CPU.ActiveCfg = Debug|Any CPU
		{0A831DE7-8884-AF98-EA39-1FAA78FDB0AC}.Debug|Any CPU.Build.0 = Debug|Any CPU
		{0A831DE7-8884-AF98-EA39-1FAA78FDB0AC}.Release|Any CPU.ActiveCfg = Release|Any CPU
		{0A831DE7-8884-AF98-EA39-1FAA78FDB0AC}.Release|Any CPU.Build.0 = Release|Any CPU
		{03451DF5-D7C7-39F2-4EC9-786478735BA1}.Debug|Any CPU.ActiveCfg = Debug|Any CPU
		{03451DF5-D7C7-39F2-4EC9-786478735BA1}.Debug|Any CPU.Build.0 = Debug|Any CPU
		{03451DF5-D7C7-39F2-4EC9-786478735BA1}.Release|Any CPU.ActiveCfg = Release|Any CPU
		{03451DF5-D7C7-39F2-4EC9-786478735BA1}.Release|Any CPU.Build.0 = Release|Any CPU
		{45E8DB33-2FE2-C90E-9AF6-4CA5DB32076A}.Debug|Any CPU.ActiveCfg = Debug|Any CPU
		{45E8DB33-2FE2-C90E-9AF6-4CA5DB32076A}.Debug|Any CPU.Build.0 = Debug|Any CPU
		{45E8DB33-2FE2-C90E-9AF6-4CA5DB32076A}.Release|Any CPU.ActiveCfg = Release|Any CPU
		{45E8DB33-2FE2-C90E-9AF6-4CA5DB32076A}.Release|Any CPU.Build.0 = Release|Any CPU
		{FE56530C-0888-61B6-0C18-AC934EF405AA}.Debug|Any CPU.ActiveCfg = Debug|Any CPU
		{FE56530C-0888-61B6-0C18-AC934EF405AA}.Debug|Any CPU.Build.0 = Debug|Any CPU
		{FE56530C-0888-61B6-0C18-AC934EF405AA}.Release|Any CPU.ActiveCfg = Release|Any CPU
		{FE56530C-0888-61B6-0C18-AC934EF405AA}.Release|Any CPU.Build.0 = Release|Any CPU
		{11A1546E-6498-D5E4-DCDC-2A785459F866}.Debug|Any CPU.ActiveCfg = Debug|Any CPU
		{11A1546E-6498-D5E4-DCDC-2A785459F866}.Debug|Any CPU.Build.0 = Debug|Any CPU
		{11A1546E-6498-D5E4-DCDC-2A785459F866}.Release|Any CPU.ActiveCfg = Release|Any CPU
		{11A1546E-6498-D5E4-DCDC-2A785459F866}.Release|Any CPU.Build.0 = Release|Any CPU
		{1312CAA9-122E-DCBA-6701-0B43F8D97397}.Debug|Any CPU.ActiveCfg = Debug|Any CPU
		{1312CAA9-122E-DCBA-6701-0B43F8D97397}.Debug|Any CPU.Build.0 = Debug|Any CPU
		{1312CAA9-122E-DCBA-6701-0B43F8D97397}.Release|Any CPU.ActiveCfg = Release|Any CPU
		{1312CAA9-122E-DCBA-6701-0B43F8D97397}.Release|Any CPU.Build.0 = Release|Any CPU
		{1D64E187-F7EA-7D71-029C-B7E46674048E}.Debug|Any CPU.ActiveCfg = Debug|Any CPU
		{1D64E187-F7EA-7D71-029C-B7E46674048E}.Debug|Any CPU.Build.0 = Debug|Any CPU
		{1D64E187-F7EA-7D71-029C-B7E46674048E}.Release|Any CPU.ActiveCfg = Release|Any CPU
		{1D64E187-F7EA-7D71-029C-B7E46674048E}.Release|Any CPU.Build.0 = Release|Any CPU
		{0432EE66-93A1-19B9-C8BE-96AE3AA10376}.Debug|Any CPU.ActiveCfg = Debug|Any CPU
		{0432EE66-93A1-19B9-C8BE-96AE3AA10376}.Debug|Any CPU.Build.0 = Debug|Any CPU
		{0432EE66-93A1-19B9-C8BE-96AE3AA10376}.Release|Any CPU.ActiveCfg = Release|Any CPU
		{0432EE66-93A1-19B9-C8BE-96AE3AA10376}.Release|Any CPU.Build.0 = Release|Any CPU
		{EA5AE988-46AD-EB89-17EF-40B5CF46EDE5}.Debug|Any CPU.ActiveCfg = Debug|Any CPU
		{EA5AE988-46AD-EB89-17EF-40B5CF46EDE5}.Debug|Any CPU.Build.0 = Debug|Any CPU
		{EA5AE988-46AD-EB89-17EF-40B5CF46EDE5}.Release|Any CPU.ActiveCfg = Release|Any CPU
		{EA5AE988-46AD-EB89-17EF-40B5CF46EDE5}.Release|Any CPU.Build.0 = Release|Any CPU
		{6E97C45A-11DB-3744-0F64-637EE34CABEB}.Debug|Any CPU.ActiveCfg = Debug|Any CPU
		{6E97C45A-11DB-3744-0F64-637EE34CABEB}.Debug|Any CPU.Build.0 = Debug|Any CPU
		{6E97C45A-11DB-3744-0F64-637EE34CABEB}.Release|Any CPU.ActiveCfg = Release|Any CPU
		{6E97C45A-11DB-3744-0F64-637EE34CABEB}.Release|Any CPU.Build.0 = Release|Any CPU
		{B1613220-8D1F-504D-14FD-B055091C689A}.Debug|Any CPU.ActiveCfg = Debug|Any CPU
		{B1613220-8D1F-504D-14FD-B055091C689A}.Debug|Any CPU.Build.0 = Debug|Any CPU
		{B1613220-8D1F-504D-14FD-B055091C689A}.Release|Any CPU.ActiveCfg = Release|Any CPU
		{B1613220-8D1F-504D-14FD-B055091C689A}.Release|Any CPU.Build.0 = Release|Any CPU
		{D073C613-3D04-68E7-565A-8100CED858E4}.Debug|Any CPU.ActiveCfg = Debug|Any CPU
		{D073C613-3D04-68E7-565A-8100CED858E4}.Debug|Any CPU.Build.0 = Debug|Any CPU
		{D073C613-3D04-68E7-565A-8100CED858E4}.Release|Any CPU.ActiveCfg = Release|Any CPU
		{D073C613-3D04-68E7-565A-8100CED858E4}.Release|Any CPU.Build.0 = Release|Any CPU
		{C656FAFD-0E28-B94F-8781-60463E0772E8}.Debug|Any CPU.ActiveCfg = Debug|Any CPU
		{C656FAFD-0E28-B94F-8781-60463E0772E8}.Debug|Any CPU.Build.0 = Debug|Any CPU
		{C656FAFD-0E28-B94F-8781-60463E0772E8}.Release|Any CPU.ActiveCfg = Release|Any CPU
		{C656FAFD-0E28-B94F-8781-60463E0772E8}.Release|Any CPU.Build.0 = Release|Any CPU
		{E2B20045-D7C9-43B4-6BF7-26A3BAEB7282}.Debug|Any CPU.ActiveCfg = Debug|Any CPU
		{E2B20045-D7C9-43B4-6BF7-26A3BAEB7282}.Debug|Any CPU.Build.0 = Debug|Any CPU
		{E2B20045-D7C9-43B4-6BF7-26A3BAEB7282}.Release|Any CPU.ActiveCfg = Release|Any CPU
		{E2B20045-D7C9-43B4-6BF7-26A3BAEB7282}.Release|Any CPU.Build.0 = Release|Any CPU
		{CD864197-C9D6-D4E3-3790-2111E3B446E1}.Debug|Any CPU.ActiveCfg = Debug|Any CPU
		{CD864197-C9D6-D4E3-3790-2111E3B446E1}.Debug|Any CPU.Build.0 = Debug|Any CPU
		{CD864197-C9D6-D4E3-3790-2111E3B446E1}.Release|Any CPU.ActiveCfg = Release|Any CPU
		{CD864197-C9D6-D4E3-3790-2111E3B446E1}.Release|Any CPU.Build.0 = Release|Any CPU
		{323CE254-C42E-7616-044E-78BAC70DB6DF}.Debug|Any CPU.ActiveCfg = Debug|Any CPU
		{323CE254-C42E-7616-044E-78BAC70DB6DF}.Debug|Any CPU.Build.0 = Debug|Any CPU
		{323CE254-C42E-7616-044E-78BAC70DB6DF}.Release|Any CPU.ActiveCfg = Release|Any CPU
		{323CE254-C42E-7616-044E-78BAC70DB6DF}.Release|Any CPU.Build.0 = Release|Any CPU
		{F5418D0B-1C28-B743-4468-5AD4B4903605}.Debug|Any CPU.ActiveCfg = Debug|Any CPU
		{F5418D0B-1C28-B743-4468-5AD4B4903605}.Debug|Any CPU.Build.0 = Debug|Any CPU
		{F5418D0B-1C28-B743-4468-5AD4B4903605}.Release|Any CPU.ActiveCfg = Release|Any CPU
		{F5418D0B-1C28-B743-4468-5AD4B4903605}.Release|Any CPU.Build.0 = Release|Any CPU
		{3354EAF8-E000-1255-C0D5-4DD5F791DF5C}.Debug|Any CPU.ActiveCfg = Debug|Any CPU
		{3354EAF8-E000-1255-C0D5-4DD5F791DF5C}.Debug|Any CPU.Build.0 = Debug|Any CPU
		{3354EAF8-E000-1255-C0D5-4DD5F791DF5C}.Release|Any CPU.ActiveCfg = Release|Any CPU
		{3354EAF8-E000-1255-C0D5-4DD5F791DF5C}.Release|Any CPU.Build.0 = Release|Any CPU
		{773C3129-0AB4-328A-E43A-A8B57ECDB06E}.Debug|Any CPU.ActiveCfg = Debug|Any CPU
		{773C3129-0AB4-328A-E43A-A8B57ECDB06E}.Debug|Any CPU.Build.0 = Debug|Any CPU
		{773C3129-0AB4-328A-E43A-A8B57ECDB06E}.Release|Any CPU.ActiveCfg = Release|Any CPU
		{773C3129-0AB4-328A-E43A-A8B57ECDB06E}.Release|Any CPU.Build.0 = Release|Any CPU
		{1691DD45-D4ED-4F1A-3170-A343857D10BD}.Debug|Any CPU.ActiveCfg = Debug|Any CPU
		{1691DD45-D4ED-4F1A-3170-A343857D10BD}.Debug|Any CPU.Build.0 = Debug|Any CPU
		{1691DD45-D4ED-4F1A-3170-A343857D10BD}.Release|Any CPU.ActiveCfg = Release|Any CPU
		{1691DD45-D4ED-4F1A-3170-A343857D10BD}.Release|Any CPU.Build.0 = Release|Any CPU
		{FD60589C-824D-1AA6-7C17-DA21434C25BB}.Debug|Any CPU.ActiveCfg = Debug|Any CPU
		{FD60589C-824D-1AA6-7C17-DA21434C25BB}.Debug|Any CPU.Build.0 = Debug|Any CPU
		{FD60589C-824D-1AA6-7C17-DA21434C25BB}.Release|Any CPU.ActiveCfg = Release|Any CPU
		{FD60589C-824D-1AA6-7C17-DA21434C25BB}.Release|Any CPU.Build.0 = Release|Any CPU
		{DFC9A44C-FB89-4E7B-D3A1-9D61D2739D0C}.Debug|Any CPU.ActiveCfg = Debug|Any CPU
		{DFC9A44C-FB89-4E7B-D3A1-9D61D2739D0C}.Debug|Any CPU.Build.0 = Debug|Any CPU
		{DFC9A44C-FB89-4E7B-D3A1-9D61D2739D0C}.Release|Any CPU.ActiveCfg = Release|Any CPU
		{DFC9A44C-FB89-4E7B-D3A1-9D61D2739D0C}.Release|Any CPU.Build.0 = Release|Any CPU
		{768C1B54-63A1-9AD0-D885-37BD21FE6A26}.Debug|Any CPU.ActiveCfg = Debug|Any CPU
		{768C1B54-63A1-9AD0-D885-37BD21FE6A26}.Debug|Any CPU.Build.0 = Debug|Any CPU
		{768C1B54-63A1-9AD0-D885-37BD21FE6A26}.Release|Any CPU.ActiveCfg = Release|Any CPU
		{768C1B54-63A1-9AD0-D885-37BD21FE6A26}.Release|Any CPU.Build.0 = Release|Any CPU
		{F406D4EF-775A-2D07-0D1D-B084C84BD39A}.Debug|Any CPU.ActiveCfg = Debug|Any CPU
		{F406D4EF-775A-2D07-0D1D-B084C84BD39A}.Debug|Any CPU.Build.0 = Debug|Any CPU
		{F406D4EF-775A-2D07-0D1D-B084C84BD39A}.Release|Any CPU.ActiveCfg = Release|Any CPU
		{F406D4EF-775A-2D07-0D1D-B084C84BD39A}.Release|Any CPU.Build.0 = Release|Any CPU
		{928F4FF2-C9F2-270C-2F81-5C42B44B9609}.Debug|Any CPU.ActiveCfg = Debug|Any CPU
		{928F4FF2-C9F2-270C-2F81-5C42B44B9609}.Debug|Any CPU.Build.0 = Debug|Any CPU
		{928F4FF2-C9F2-270C-2F81-5C42B44B9609}.Release|Any CPU.ActiveCfg = Release|Any CPU
		{928F4FF2-C9F2-270C-2F81-5C42B44B9609}.Release|Any CPU.Build.0 = Release|Any CPU
		{DD7CCEE4-2E80-2523-1ABC-4263F5D5EDA2}.Debug|Any CPU.ActiveCfg = Debug|Any CPU
		{DD7CCEE4-2E80-2523-1ABC-4263F5D5EDA2}.Debug|Any CPU.Build.0 = Debug|Any CPU
		{DD7CCEE4-2E80-2523-1ABC-4263F5D5EDA2}.Release|Any CPU.ActiveCfg = Release|Any CPU
		{DD7CCEE4-2E80-2523-1ABC-4263F5D5EDA2}.Release|Any CPU.Build.0 = Release|Any CPU
		{EA723CD1-A085-E809-51E0-BC959362CEE2}.Debug|Any CPU.ActiveCfg = Debug|Any CPU
		{EA723CD1-A085-E809-51E0-BC959362CEE2}.Debug|Any CPU.Build.0 = Debug|Any CPU
		{EA723CD1-A085-E809-51E0-BC959362CEE2}.Release|Any CPU.ActiveCfg = Release|Any CPU
		{EA723CD1-A085-E809-51E0-BC959362CEE2}.Release|Any CPU.Build.0 = Release|Any CPU
		{CBCD70BC-7E5E-6F6D-E45C-697FF21954FE}.Debug|Any CPU.ActiveCfg = Debug|Any CPU
		{CBCD70BC-7E5E-6F6D-E45C-697FF21954FE}.Debug|Any CPU.Build.0 = Debug|Any CPU
		{CBCD70BC-7E5E-6F6D-E45C-697FF21954FE}.Release|Any CPU.ActiveCfg = Release|Any CPU
		{CBCD70BC-7E5E-6F6D-E45C-697FF21954FE}.Release|Any CPU.Build.0 = Release|Any CPU
		{29F66BFE-057F-E0E3-8902-061AFED87704}.Debug|Any CPU.ActiveCfg = Debug|Any CPU
		{29F66BFE-057F-E0E3-8902-061AFED87704}.Debug|Any CPU.Build.0 = Debug|Any CPU
		{29F66BFE-057F-E0E3-8902-061AFED87704}.Release|Any CPU.ActiveCfg = Release|Any CPU
		{29F66BFE-057F-E0E3-8902-061AFED87704}.Release|Any CPU.Build.0 = Release|Any CPU
		{EAF2AA42-A117-885D-59EE-ECAECE63D8E3}.Debug|Any CPU.ActiveCfg = Debug|Any CPU
		{EAF2AA42-A117-885D-59EE-ECAECE63D8E3}.Debug|Any CPU.Build.0 = Debug|Any CPU
		{EAF2AA42-A117-885D-59EE-ECAECE63D8E3}.Release|Any CPU.ActiveCfg = Release|Any CPU
		{EAF2AA42-A117-885D-59EE-ECAECE63D8E3}.Release|Any CPU.Build.0 = Release|Any CPU
		{D4EA9062-14CB-529D-C9DC-73EF823250BC}.Debug|Any CPU.ActiveCfg = Debug|Any CPU
		{D4EA9062-14CB-529D-C9DC-73EF823250BC}.Debug|Any CPU.Build.0 = Debug|Any CPU
		{D4EA9062-14CB-529D-C9DC-73EF823250BC}.Release|Any CPU.ActiveCfg = Release|Any CPU
		{D4EA9062-14CB-529D-C9DC-73EF823250BC}.Release|Any CPU.Build.0 = Release|Any CPU
		{FEEE9E56-1E63-048D-09FA-119C198A7377}.Debug|Any CPU.ActiveCfg = Debug|Any CPU
		{FEEE9E56-1E63-048D-09FA-119C198A7377}.Debug|Any CPU.Build.0 = Debug|Any CPU
		{FEEE9E56-1E63-048D-09FA-119C198A7377}.Release|Any CPU.ActiveCfg = Release|Any CPU
		{FEEE9E56-1E63-048D-09FA-119C198A7377}.Release|Any CPU.Build.0 = Release|Any CPU
		{B6A6F220-4846-2E44-F61D-F123AFA01C3A}.Debug|Any CPU.ActiveCfg = Debug|Any CPU
		{B6A6F220-4846-2E44-F61D-F123AFA01C3A}.Debug|Any CPU.Build.0 = Debug|Any CPU
		{B6A6F220-4846-2E44-F61D-F123AFA01C3A}.Release|Any CPU.ActiveCfg = Release|Any CPU
		{B6A6F220-4846-2E44-F61D-F123AFA01C3A}.Release|Any CPU.Build.0 = Release|Any CPU
		{A6B90FC5-6EC4-5610-49F8-F3171D3EBF4A}.Debug|Any CPU.ActiveCfg = Debug|Any CPU
		{A6B90FC5-6EC4-5610-49F8-F3171D3EBF4A}.Debug|Any CPU.Build.0 = Debug|Any CPU
		{A6B90FC5-6EC4-5610-49F8-F3171D3EBF4A}.Release|Any CPU.ActiveCfg = Release|Any CPU
		{A6B90FC5-6EC4-5610-49F8-F3171D3EBF4A}.Release|Any CPU.Build.0 = Release|Any CPU
		{EA86A51D-8559-F272-A6ED-D291CCB79899}.Debug|Any CPU.ActiveCfg = Debug|Any CPU
		{EA86A51D-8559-F272-A6ED-D291CCB79899}.Debug|Any CPU.Build.0 = Debug|Any CPU
		{EA86A51D-8559-F272-A6ED-D291CCB79899}.Release|Any CPU.ActiveCfg = Release|Any CPU
		{EA86A51D-8559-F272-A6ED-D291CCB79899}.Release|Any CPU.Build.0 = Release|Any CPU
		{BD8F93F0-6CCC-59A3-0474-3295762E405B}.Debug|Any CPU.ActiveCfg = Debug|Any CPU
		{BD8F93F0-6CCC-59A3-0474-3295762E405B}.Debug|Any CPU.Build.0 = Debug|Any CPU
		{BD8F93F0-6CCC-59A3-0474-3295762E405B}.Release|Any CPU.ActiveCfg = Release|Any CPU
		{BD8F93F0-6CCC-59A3-0474-3295762E405B}.Release|Any CPU.Build.0 = Release|Any CPU
		{8816BE44-7527-2A31-3152-305A58289681}.Debug|Any CPU.ActiveCfg = Debug|Any CPU
		{8816BE44-7527-2A31-3152-305A58289681}.Debug|Any CPU.Build.0 = Debug|Any CPU
		{8816BE44-7527-2A31-3152-305A58289681}.Release|Any CPU.ActiveCfg = Release|Any CPU
		{8816BE44-7527-2A31-3152-305A58289681}.Release|Any CPU.Build.0 = Release|Any CPU
		{388BBA42-3814-A7A7-E9E8-D12C2C14389E}.Debug|Any CPU.ActiveCfg = Debug|Any CPU
		{388BBA42-3814-A7A7-E9E8-D12C2C14389E}.Debug|Any CPU.Build.0 = Debug|Any CPU
		{388BBA42-3814-A7A7-E9E8-D12C2C14389E}.Release|Any CPU.ActiveCfg = Release|Any CPU
		{388BBA42-3814-A7A7-E9E8-D12C2C14389E}.Release|Any CPU.Build.0 = Release|Any CPU
		{DC46D66C-C839-664D-1DC8-101AFB404479}.Debug|Any CPU.ActiveCfg = Debug|Any CPU
		{DC46D66C-C839-664D-1DC8-101AFB404479}.Debug|Any CPU.Build.0 = Debug|Any CPU
		{DC46D66C-C839-664D-1DC8-101AFB404479}.Release|Any CPU.ActiveCfg = Release|Any CPU
		{DC46D66C-C839-664D-1DC8-101AFB404479}.Release|Any CPU.Build.0 = Release|Any CPU
		{5CC4EE25-CADE-8723-021E-CFCE8D68B041}.Debug|Any CPU.ActiveCfg = Debug|Any CPU
		{5CC4EE25-CADE-8723-021E-CFCE8D68B041}.Debug|Any CPU.Build.0 = Debug|Any CPU
		{5CC4EE25-CADE-8723-021E-CFCE8D68B041}.Release|Any CPU.ActiveCfg = Release|Any CPU
		{5CC4EE25-CADE-8723-021E-CFCE8D68B041}.Release|Any CPU.Build.0 = Release|Any CPU
		{A9727150-6676-EC65-F36A-348E39D3F210}.Debug|Any CPU.ActiveCfg = Debug|Any CPU
		{A9727150-6676-EC65-F36A-348E39D3F210}.Debug|Any CPU.Build.0 = Debug|Any CPU
		{A9727150-6676-EC65-F36A-348E39D3F210}.Release|Any CPU.ActiveCfg = Release|Any CPU
		{A9727150-6676-EC65-F36A-348E39D3F210}.Release|Any CPU.Build.0 = Release|Any CPU
		{45451836-AD4E-9C0F-C5E8-8E8892D42AE2}.Debug|Any CPU.ActiveCfg = Debug|Any CPU
		{45451836-AD4E-9C0F-C5E8-8E8892D42AE2}.Debug|Any CPU.Build.0 = Debug|Any CPU
		{45451836-AD4E-9C0F-C5E8-8E8892D42AE2}.Release|Any CPU.ActiveCfg = Release|Any CPU
		{45451836-AD4E-9C0F-C5E8-8E8892D42AE2}.Release|Any CPU.Build.0 = Release|Any CPU
		{545329F0-18BF-3F00-1046-1D09E69A7E78}.Debug|Any CPU.ActiveCfg = Debug|Any CPU
		{545329F0-18BF-3F00-1046-1D09E69A7E78}.Debug|Any CPU.Build.0 = Debug|Any CPU
		{545329F0-18BF-3F00-1046-1D09E69A7E78}.Release|Any CPU.ActiveCfg = Release|Any CPU
		{545329F0-18BF-3F00-1046-1D09E69A7E78}.Release|Any CPU.Build.0 = Release|Any CPU
		{6DBE75CF-4E2B-E53A-4F94-3D1718F06965}.Debug|Any CPU.ActiveCfg = Debug|Any CPU
		{6DBE75CF-4E2B-E53A-4F94-3D1718F06965}.Debug|Any CPU.Build.0 = Debug|Any CPU
		{6DBE75CF-4E2B-E53A-4F94-3D1718F06965}.Release|Any CPU.ActiveCfg = Release|Any CPU
		{6DBE75CF-4E2B-E53A-4F94-3D1718F06965}.Release|Any CPU.Build.0 = Release|Any CPU
	EndGlobalSection
	GlobalSection(SolutionProperties) = preSolution
		HideSolutionNode = FALSE
	EndGlobalSection
EndGlobal
